
Microsoft Visual Studio Solution File, Format Version 12.00
# Visual Studio Version 17
VisualStudioVersion = 17.0.31903.59
MinimumVisualStudioVersion = 10.0.40219.1
Project("{2150E333-8FDC-42A3-9474-1A3956D46DE8}") = "src", "src", "{827E0CD3-B72D-47B6-A68D-7590B98EB39B}"
EndProject
Project("{FAE04EC0-301F-11D3-BF4B-00C04F79EFBC}") = "JiApp.Api", "src\JiApp.Api\JiApp.Api.csproj", "{E81679CB-E993-43CC-9909-B13C89AB6ADE}"
EndProject
Project("{FAE04EC0-301F-11D3-BF4B-00C04F79EFBC}") = "JiApp.Infrastructure", "src\JiApp.Infrastructure\JiApp.Infrastructure.csproj", "{FEDCDCF3-61FB-4ADC-837B-C822CF208AF9}"
EndProject
Project("{FAE04EC0-301F-11D3-BF4B-00C04F79EFBC}") = "JiApp.Common", "src\JiApp.Common\JiApp.Common.csproj", "{D169CDEA-0465-4C5C-8B2A-A537B6C9A7E5}"
EndProject
Project("{FAE04EC0-301F-11D3-BF4B-00C04F79EFBC}") = "JiApp.YtApi", "src\JiApp.YtApi\JiApp.YtApi.csproj", "{82D44BFF-0A6C-41E2-9974-4861DE260A8D}"
EndProject
Project("{2150E333-8FDC-42A3-9474-1A3956D46DE8}") = "tests", "tests", "{0AB3BF05-4346-4AA6-1389-037BE0695223}"
EndProject
Project("{FAE04EC0-301F-11D3-BF4B-00C04F79EFBC}") = "JiApp.Tests", "tests\JiApp.Tests\JiApp.Tests.csproj", "{08D0957C-928D-4194-99B2-F59916DF192F}"
EndProject
Global
	GlobalSection(SolutionConfigurationPlatforms) = preSolution
		Debug|Any CPU = Debug|Any CPU
		Debug|x64 = Debug|x64
		Debug|x86 = Debug|x86
		Release|Any CPU = Release|Any CPU
		Release|x64 = Release|x64
		Release|x86 = Release|x86
	EndGlobalSection
	GlobalSection(ProjectConfigurationPlatforms) = postSolution
		{E81679CB-E993-43CC-9909-B13C89AB6ADE}.Debug|Any CPU.ActiveCfg = Debug|Any CPU
		{E81679CB-E993-43CC-9909-B13C89AB6ADE}.Debug|Any CPU.Build.0 = Debug|Any CPU
		{E81679CB-E993-43CC-9909-B13C89AB6ADE}.Debug|x64.ActiveCfg = Debug|Any CPU
		{E81679CB-E993-43CC-9909-B13C89AB6ADE}.Debug|x64.Build.0 = Debug|Any CPU
		{E81679CB-E993-43CC-9909-B13C89AB6ADE}.Debug|x86.ActiveCfg = Debug|Any CPU
		{E81679CB-E993-43CC-9909-B13C89AB6ADE}.Debug|x86.Build.0 = Debug|Any CPU
		{E81679CB-E993-43CC-9909-B13C89AB6ADE}.Release|Any CPU.ActiveCfg = Release|Any CPU
		{E81679CB-E993-43CC-9909-B13C89AB6ADE}.Release|Any CPU.Build.0 = Release|Any CPU
		{E81679CB-E993-43CC-9909-B13C89AB6ADE}.Release|x64.ActiveCfg = Release|Any CPU
		{E81679CB-E993-43CC-9909-B13C89AB6ADE}.Release|x64.Build.0 = Release|Any CPU
		{E81679CB-E993-43CC-9909-B13C89AB6ADE}.Release|x86.ActiveCfg = Release|Any CPU
		{E81679CB-E993-43CC-9909-B13C89AB6ADE}.Release|x86.Build.0 = Release|Any CPU
		{FEDCDCF3-61FB-4ADC-837B-C822CF208AF9}.Debug|Any CPU.ActiveCfg = Debug|Any CPU
		{FEDCDCF3-61FB-4ADC-837B-C822CF208AF9}.Debug|Any CPU.Build.0 = Debug|Any CPU
		{FEDCDCF3-61FB-4ADC-837B-C822CF208AF9}.Debug|x64.ActiveCfg = Debug|Any CPU
		{FEDCDCF3-61FB-4ADC-837B-C822CF208AF9}.Debug|x64.Build.0 = Debug|Any CPU
		{FEDCDCF3-61FB-4ADC-837B-C822CF208AF9}.Debug|x86.ActiveCfg = Debug|Any CPU
		{FEDCDCF3-61FB-4ADC-837B-C822CF208AF9}.Debug|x86.Build.0 = Debug|Any CPU
		{FEDCDCF3-61FB-4ADC-837B-C822CF208AF9}.Release|Any CPU.ActiveCfg = Release|Any CPU
		{FEDCDCF3-61FB-4ADC-837B-C822CF208AF9}.Release|Any CPU.Build.0 = Release|Any CPU
		{FEDCDCF3-61FB-4ADC-837B-C822CF208AF9}.Release|x64.ActiveCfg = Release|Any CPU
		{FEDCDCF3-61FB-4ADC-837B-C822CF208AF9}.Release|x64.Build.0 = Release|Any CPU
		{FEDCDCF3-61FB-4ADC-837B-C822CF208AF9}.Release|x86.ActiveCfg = Release|Any CPU
		{FEDCDCF3-61FB-4ADC-837B-C822CF208AF9}.Release|x86.Build.0 = Release|Any CPU
		{D169CDEA-0465-4C5C-8B2A-A537B6C9A7E5}.Debug|Any CPU.ActiveCfg = Debug|Any CPU
		{D169CDEA-0465-4C5C-8B2A-A537B6C9A7E5}.Debug|Any CPU.Build.0 = Debug|Any CPU
		{D169CDEA-0465-4C5C-8B2A-A537B6C9A7E5}.Debug|x64.ActiveCfg = Debug|Any CPU
		{D169CDEA-0465-4C5C-8B2A-A537B6C9A7E5}.Debug|x64.Build.0 = Debug|Any CPU
		{D169CDEA-0465-4C5C-8B2A-A537B6C9A7E5}.Debug|x86.ActiveCfg = Debug|Any CPU
		{D169CDEA-0465-4C5C-8B2A-A537B6C9A7E5}.Debug|x86.Build.0 = Debug|Any CPU
		{D169CDEA-0465-4C5C-8B2A-A537B6C9A7E5}.Release|Any CPU.ActiveCfg = Release|Any CPU
		{D169CDEA-0465-4C5C-8B2A-A537B6C9A7E5}.Release|Any CPU.Build.0 = Release|Any CPU
		{D169CDEA-0465-4C5C-8B2A-A537B6C9A7E5}.Release|x64.ActiveCfg = Release|Any CPU
		{D169CDEA-0465-4C5C-8B2A-A537B6C9A7E5}.Release|x64.Build.0 = Release|Any CPU
		{D169CDEA-0465-4C5C-8B2A-A537B6C9A7E5}.Release|x86.ActiveCfg = Release|Any CPU
		{D169CDEA-0465-4C5C-8B2A-A537B6C9A7E5}.Release|x86.Build.0 = Release|Any CPU
		{82D44BFF-0A6C-41E2-9974-4861DE260A8D}.Debug|Any CPU.ActiveCfg = Debug|Any CPU
		{82D44BFF-0A6C-41E2-9974-4861DE260A8D}.Debug|Any CPU.Build.0 = Debug|Any CPU
		{82D44BFF-0A6C-41E2-9974-4861DE260A8D}.Debug|x64.ActiveCfg = Debug|Any CPU
		{82D44BFF-0A6C-41E2-9974-4861DE260A8D}.Debug|x64.Build.0 = Debug|Any CPU
		{82D44BFF-0A6C-41E2-9974-4861DE260A8D}.Debug|x86.ActiveCfg = Debug|Any CPU
		{82D44BFF-0A6C-41E2-9974-4861DE260A8D}.Debug|x86.Build.0 = Debug|Any CPU
		{82D44BFF-0A6C-41E2-9974-4861DE260A8D}.Release|Any CPU.ActiveCfg = Release|Any CPU
		{82D44BFF-0A6C-41E2-9974-4861DE260A8D}.Release|Any CPU.Build.0 = Release|Any CPU
		{82D44BFF-0A6C-41E2-9974-4861DE260A8D}.Release|x64.ActiveCfg = Release|Any CPU
		{82D44BFF-0A6C-41E2-9974-4861DE260A8D}.Release|x64.Build.0 = Release|Any CPU
		{82D44BFF-0A6C-41E2-9974-4861DE260A8D}.Release|x86.ActiveCfg = Release|Any CPU
		{82D44BFF-0A6C-41E2-9974-4861DE260A8D}.Release|x86.Build.0 = Release|Any CPU
		{08D0957C-928D-4194-99B2-F59916DF192F}.Debug|Any CPU.ActiveCfg = Debug|Any CPU
		{08D0957C-928D-4194-99B2-F59916DF192F}.Debug|Any CPU.Build.0 = Debug|Any CPU
		{08D0957C-928D-4194-99B2-F59916DF192F}.Debug|x64.ActiveCfg = Debug|Any CPU
		{08D0957C-928D-4194-99B2-F59916DF192F}.Debug|x64.Build.0 = Debug|Any CPU
		{08D0957C-928D-4194-99B2-F59916DF192F}.Debug|x86.ActiveCfg = Debug|Any CPU
		{08D0957C-928D-4194-99B2-F59916DF192F}.Debug|x86.Build.0 = Debug|Any CPU
		{08D0957C-928D-4194-99B2-F59916DF192F}.Release|Any CPU.ActiveCfg = Release|Any CPU
		{08D0957C-928D-4194-99B2-F59916DF192F}.Release|Any CPU.Build.0 = Release|Any CPU
		{08D0957C-928D-4194-99B2-F59916DF192F}.Release|x64.ActiveCfg = Release|Any CPU
		{08D0957C-928D-4194-99B2-F59916DF192F}.Release|x64.Build.0 = Release|Any CPU
		{08D0957C-928D-4194-99B2-F59916DF192F}.Release|x86.ActiveCfg = Release|Any CPU
		{08D0957C-928D-4194-99B2-F59916DF192F}.Release|x86.Build.0 = Release|Any CPU
	EndGlobalSection
	GlobalSection(SolutionProperties) = preSolution
		HideSolutionNode = FALSE
	EndGlobalSection
	GlobalSection(NestedProjects) = preSolution
		{E81679CB-E993-43CC-9909-B13C89AB6ADE} = {827E0CD3-B72D-47B6-A68D-7590B98EB39B}
		{FEDCDCF3-61FB-4ADC-837B-C822CF208AF9} = {827E0CD3-B72D-47B6-A68D-7590B98EB39B}
		{D169CDEA-0465-4C5C-8B2A-A537B6C9A7E5} = {827E0CD3-B72D-47B6-A68D-7590B98EB39B}
		{82D44BFF-0A6C-41E2-9974-4861DE260A8D} = {827E0CD3-B72D-47B6-A68D-7590B98EB39B}
		{08D0957C-928D-4194-99B2-F59916DF192F} = {0AB3BF05-4346-4AA6-1389-037BE0695223}
	EndGlobalSection
EndGlobal
