
Microsoft Visual Studio Solution File, Format Version 12.00
# Visual Studio Version 17
VisualStudioVersion = 17.0.31903.59
MinimumVisualStudioVersion = 10.0.40219.1
Project("{2150E333-8FDC-42A3-9474-1A3956D46DE8}") = "src", "src", "{827E0CD3-B72D-47B6-A68D-7590B98EB39B}"
EndProject
Project("{FAE04EC0-301F-11D3-BF4B-00C04F79EFBC}") = "JiApp.Common", "src\JiApp.Common\JiApp.Common.csproj", "{D169CDEA-0465-4C5C-8B2A-A537B6C9A7E5}"
EndProject
Project("{FAE04EC0-301F-11D3-BF4B-00C04F79EFBC}") = "JiApp.YtApi", "src\JiApp.YtApi\JiApp.YtApi.csproj", "{82D44BFF-0A6C-41E2-9974-4861DE260A8D}"
EndProject
Project("{2150E333-8FDC-42A3-9474-1A3956D46DE8}") = "tests", "tests", "{0AB3BF05-4346-4AA6-1389-037BE0695223}"
EndProject
Project("{FAE04EC0-301F-11D3-BF4B-00C04F79EFBC}") = "JiApp.Identity", "src\JiApp.Identity\JiApp.Identity.csproj", "{52547343-6F25-4986-9823-A440016BACE9}"
EndProject
Project("{FAE04EC0-301F-11D3-BF4B-00C04F79EFBC}") = "JiApp.YtDownloader", "src\JiApp.YtDownloader\JiApp.YtDownloader.csproj", "{D5CD9858-7863-4930-894B-561FDA220E8F}"
EndProject
Project("{FAE04EC0-301F-11D3-BF4B-00C04F79EFBC}") = "JiApp.Gateway", "src\JiApp.Gateway\JiApp.Gateway.csproj", "{B3963F5A-2359-4725-A2D4-112D72A9A18B}"
EndProject
Project("{FAE04EC0-301F-11D3-BF4B-00C04F79EFBC}") = "JiApp.Identity.Tests", "tests\JiApp.Identity.Tests\JiApp.Identity.Tests.csproj", "{16DFA367-3E13-44FF-9EF3-6DFD3F46F30C}"
EndProject
Project("{FAE04EC0-301F-11D3-BF4B-00C04F79EFBC}") = "JiApp.YtDownloader.Tests", "tests\JiApp.YtDownloader.Tests\JiApp.YtDownloader.Tests.csproj", "{E3BDD270-5D7F-479B-AB20-AEEF385C4680}"
EndProject
Project("{FAE04EC0-301F-11D3-BF4B-00C04F79EFBC}") = "JiApp.ImageTools", "src\JiApp.ImageTools\JiApp.ImageTools.csproj", "{B620C2A3-7EAE-4415-B25B-B9155BF47F3F}"
EndProject
Project("{FAE04EC0-301F-11D3-BF4B-00C04F79EFBC}") = "JiApp.ImageTools.Tests", "tests\JiApp.ImageTools.Tests\JiApp.ImageTools.Tests.csproj", "{1FAB0249-41C4-457F-BA36-DCE4A7348489}"
EndProject
Project("{FAE04EC0-301F-11D3-BF4B-00C04F79EFBC}") = "JiApp.Scheduler", "src\JiApp.Scheduler\JiApp.Scheduler.csproj", "{F427E050-8AF4-4020-AE0C-847200817256}"
EndProject
Project("{FAE04EC0-301F-11D3-BF4B-00C04F79EFBC}") = "JiApp.Scheduler.Tests", "tests\JiApp.Scheduler.Tests\JiApp.Scheduler.Tests.csproj", "{8579AD84-4CD7-49D3-9F16-BD2718CA4B82}"
EndProject
Project("{FAE04EC0-301F-11D3-BF4B-00C04F79EFBC}") = "JiApp.Gateway.Tests", "tests\JiApp.Gateway.Tests\JiApp.Gateway.Tests.csproj", "{6F2330C0-372C-4A95-B739-8AA9D6DAC6EF}"
EndProject
Project("{FAE04EC0-301F-11D3-BF4B-00C04F79EFBC}") = "JiApp.Testing.Common", "tests\JiApp.Testing.Common\JiApp.Testing.Common.csproj", "{84528BFE-5FFC-4200-9FE1-67DAEEEFAF42}"
EndProject
Global
	GlobalSection(SolutionConfigurationPlatforms) = preSolution
		Debug|Any CPU = Debug|Any CPU
		Debug|x64 = Debug|x64
		Debug|x86 = Debug|x86
		Release|Any CPU = Release|Any CPU
		Release|x64 = Release|x64
		Release|x86 = Release|x86
	EndGlobalSection
	GlobalSection(ProjectConfigurationPlatforms) = postSolution
		{D169CDEA-0465-4C5C-8B2A-A537B6C9A7E5}.Debug|Any CPU.ActiveCfg = Debug|Any CPU
		{D169CDEA-0465-4C5C-8B2A-A537B6C9A7E5}.Debug|Any CPU.Build.0 = Debug|Any CPU
		{D169CDEA-0465-4C5C-8B2A-A537B6C9A7E5}.Debug|x64.ActiveCfg = Debug|Any CPU
		{D169CDEA-0465-4C5C-8B2A-A537B6C9A7E5}.Debug|x64.Build.0 = Debug|Any CPU
		{D169CDEA-0465-4C5C-8B2A-A537B6C9A7E5}.Debug|x86.ActiveCfg = Debug|Any CPU
		{D169CDEA-0465-4C5C-8B2A-A537B6C9A7E5}.Debug|x86.Build.0 = Debug|Any CPU
		{D169CDEA-0465-4C5C-8B2A-A537B6C9A7E5}.Release|Any CPU.ActiveCfg = Release|Any CPU
		{D169CDEA-0465-4C5C-8B2A-A537B6C9A7E5}.Release|Any CPU.Build.0 = Release|Any CPU
		{D169CDEA-0465-4C5C-8B2A-A537B6C9A7E5}.Release|x64.ActiveCfg = Release|Any CPU
		{D169CDEA-0465-4C5C-8B2A-A537B6C9A7E5}.Release|x64.Build.0 = Release|Any CPU
		{D169CDEA-0465-4C5C-8B2A-A537B6C9A7E5}.Release|x86.ActiveCfg = Release|Any CPU
		{D169CDEA-0465-4C5C-8B2A-A537B6C9A7E5}.Release|x86.Build.0 = Release|Any CPU
		{82D44BFF-0A6C-41E2-9974-4861DE260A8D}.Debug|Any CPU.ActiveCfg = Debug|Any CPU
		{82D44BFF-0A6C-41E2-9974-4861DE260A8D}.Debug|Any CPU.Build.0 = Debug|Any CPU
		{82D44BFF-0A6C-41E2-9974-4861DE260A8D}.Debug|x64.ActiveCfg = Debug|Any CPU
		{82D44BFF-0A6C-41E2-9974-4861DE260A8D}.Debug|x64.Build.0 = Debug|Any CPU
		{82D44BFF-0A6C-41E2-9974-4861DE260A8D}.Debug|x86.ActiveCfg = Debug|Any CPU
		{82D44BFF-0A6C-41E2-9974-4861DE260A8D}.Debug|x86.Build.0 = Debug|Any CPU
		{82D44BFF-0A6C-41E2-9974-4861DE260A8D}.Release|Any CPU.ActiveCfg = Release|Any CPU
		{82D44BFF-0A6C-41E2-9974-4861DE260A8D}.Release|Any CPU.Build.0 = Release|Any CPU
		{82D44BFF-0A6C-41E2-9974-4861DE260A8D}.Release|x64.ActiveCfg = Release|Any CPU
		{82D44BFF-0A6C-41E2-9974-4861DE260A8D}.Release|x64.Build.0 = Release|Any CPU
		{82D44BFF-0A6C-41E2-9974-4861DE260A8D}.Release|x86.ActiveCfg = Release|Any CPU
		{82D44BFF-0A6C-41E2-9974-4861DE260A8D}.Release|x86.Build.0 = Release|Any CPU
		{52547343-6F25-4986-9823-A440016BACE9}.Debug|Any CPU.ActiveCfg = Debug|Any CPU
		{52547343-6F25-4986-9823-A440016BACE9}.Debug|Any CPU.Build.0 = Debug|Any CPU
		{52547343-6F25-4986-9823-A440016BACE9}.Debug|x64.ActiveCfg = Debug|Any CPU
		{52547343-6F25-4986-9823-A440016BACE9}.Debug|x64.Build.0 = Debug|Any CPU
		{52547343-6F25-4986-9823-A440016BACE9}.Debug|x86.ActiveCfg = Debug|Any CPU
		{52547343-6F25-4986-9823-A440016BACE9}.Debug|x86.Build.0 = Debug|Any CPU
		{52547343-6F25-4986-9823-A440016BACE9}.Release|Any CPU.ActiveCfg = Release|Any CPU
		{52547343-6F25-4986-9823-A440016BACE9}.Release|Any CPU.Build.0 = Release|Any CPU
		{52547343-6F25-4986-9823-A440016BACE9}.Release|x64.ActiveCfg = Release|Any CPU
		{52547343-6F25-4986-9823-A440016BACE9}.Release|x64.Build.0 = Release|Any CPU
		{52547343-6F25-4986-9823-A440016BACE9}.Release|x86.ActiveCfg = Release|Any CPU
		{52547343-6F25-4986-9823-A440016BACE9}.Release|x86.Build.0 = Release|Any CPU
		{D5CD9858-7863-4930-894B-561FDA220E8F}.Debug|Any CPU.ActiveCfg = Debug|Any CPU
		{D5CD9858-7863-4930-894B-561FDA220E8F}.Debug|Any CPU.Build.0 = Debug|Any CPU
		{D5CD9858-7863-4930-894B-561FDA220E8F}.Debug|x64.ActiveCfg = Debug|Any CPU
		{D5CD9858-7863-4930-894B-561FDA220E8F}.Debug|x64.Build.0 = Debug|Any CPU
		{D5CD9858-7863-4930-894B-561FDA220E8F}.Debug|x86.ActiveCfg = Debug|Any CPU
		{D5CD9858-7863-4930-894B-561FDA220E8F}.Debug|x86.Build.0 = Debug|Any CPU
		{D5CD9858-7863-4930-894B-561FDA220E8F}.Release|Any CPU.ActiveCfg = Release|Any CPU
		{D5CD9858-7863-4930-894B-561FDA220E8F}.Release|Any CPU.Build.0 = Release|Any CPU
		{D5CD9858-7863-4930-894B-561FDA220E8F}.Release|x64.ActiveCfg = Release|Any CPU
		{D5CD9858-7863-4930-894B-561FDA220E8F}.Release|x64.Build.0 = Release|Any CPU
		{D5CD9858-7863-4930-894B-561FDA220E8F}.Release|x86.ActiveCfg = Release|Any CPU
		{D5CD9858-7863-4930-894B-561FDA220E8F}.Release|x86.Build.0 = Release|Any CPU
		{B3963F5A-2359-4725-A2D4-112D72A9A18B}.Debug|Any CPU.ActiveCfg = Debug|Any CPU
		{B3963F5A-2359-4725-A2D4-112D72A9A18B}.Debug|Any CPU.Build.0 = Debug|Any CPU
		{B3963F5A-2359-4725-A2D4-112D72A9A18B}.Debug|x64.ActiveCfg = Debug|Any CPU
		{B3963F5A-2359-4725-A2D4-112D72A9A18B}.Debug|x64.Build.0 = Debug|Any CPU
		{B3963F5A-2359-4725-A2D4-112D72A9A18B}.Debug|x86.ActiveCfg = Debug|Any CPU
		{B3963F5A-2359-4725-A2D4-112D72A9A18B}.Debug|x86.Build.0 = Debug|Any CPU
		{B3963F5A-2359-4725-A2D4-112D72A9A18B}.Release|Any CPU.ActiveCfg = Release|Any CPU
		{B3963F5A-2359-4725-A2D4-112D72A9A18B}.Release|Any CPU.Build.0 = Release|Any CPU
		{B3963F5A-2359-4725-A2D4-112D72A9A18B}.Release|x64.ActiveCfg = Release|Any CPU
		{B3963F5A-2359-4725-A2D4-112D72A9A18B}.Release|x64.Build.0 = Release|Any CPU
		{B3963F5A-2359-4725-A2D4-112D72A9A18B}.Release|x86.ActiveCfg = Release|Any CPU
		{B3963F5A-2359-4725-A2D4-112D72A9A18B}.Release|x86.Build.0 = Release|Any CPU
		{16DFA367-3E13-44FF-9EF3-6DFD3F46F30C}.Debug|Any CPU.ActiveCfg = Debug|Any CPU
		{16DFA367-3E13-44FF-9EF3-6DFD3F46F30C}.Debug|Any CPU.Build.0 = Debug|Any CPU
		{16DFA367-3E13-44FF-9EF3-6DFD3F46F30C}.Debug|x64.ActiveCfg = Debug|Any CPU
		{16DFA367-3E13-44FF-9EF3-6DFD3F46F30C}.Debug|x64.Build.0 = Debug|Any CPU
		{16DFA367-3E13-44FF-9EF3-6DFD3F46F30C}.Debug|x86.ActiveCfg = Debug|Any CPU
		{16DFA367-3E13-44FF-9EF3-6DFD3F46F30C}.Debug|x86.Build.0 = Debug|Any CPU
		{16DFA367-3E13-44FF-9EF3-6DFD3F46F30C}.Release|Any CPU.ActiveCfg = Release|Any CPU
		{16DFA367-3E13-44FF-9EF3-6DFD3F46F30C}.Release|Any CPU.Build.0 = Release|Any CPU
		{16DFA367-3E13-44FF-9EF3-6DFD3F46F30C}.Release|x64.ActiveCfg = Release|Any CPU
		{16DFA367-3E13-44FF-9EF3-6DFD3F46F30C}.Release|x64.Build.0 = Release|Any CPU
		{16DFA367-3E13-44FF-9EF3-6DFD3F46F30C}.Release|x86.ActiveCfg = Release|Any CPU
		{16DFA367-3E13-44FF-9EF3-6DFD3F46F30C}.Release|x86.Build.0 = Release|Any CPU
		{E3BDD270-5D7F-479B-AB20-AEEF385C4680}.Debug|Any CPU.ActiveCfg = Debug|Any CPU
		{E3BDD270-5D7F-479B-AB20-AEEF385C4680}.Debug|Any CPU.Build.0 = Debug|Any CPU
		{E3BDD270-5D7F-479B-AB20-AEEF385C4680}.Debug|x64.ActiveCfg = Debug|Any CPU
		{E3BDD270-5D7F-479B-AB20-AEEF385C4680}.Debug|x64.Build.0 = Debug|Any CPU
		{E3BDD270-5D7F-479B-AB20-AEEF385C4680}.Debug|x86.ActiveCfg = Debug|Any CPU
		{E3BDD270-5D7F-479B-AB20-AEEF385C4680}.Debug|x86.Build.0 = Debug|Any CPU
		{E3BDD270-5D7F-479B-AB20-AEEF385C4680}.Release|Any CPU.ActiveCfg = Release|Any CPU
		{E3BDD270-5D7F-479B-AB20-AEEF385C4680}.Release|Any CPU.Build.0 = Release|Any CPU
		{E3BDD270-5D7F-479B-AB20-AEEF385C4680}.Release|x64.ActiveCfg = Release|Any CPU
		{E3BDD270-5D7F-479B-AB20-AEEF385C4680}.Release|x64.Build.0 = Release|Any CPU
		{E3BDD270-5D7F-479B-AB20-AEEF385C4680}.Release|x86.ActiveCfg = Release|Any CPU
		{E3BDD270-5D7F-479B-AB20-AEEF385C4680}.Release|x86.Build.0 = Release|Any CPU
		{B620C2A3-7EAE-4415-B25B-B9155BF47F3F}.Debug|Any CPU.ActiveCfg = Debug|Any CPU
		{B620C2A3-7EAE-4415-B25B-B9155BF47F3F}.Debug|Any CPU.Build.0 = Debug|Any CPU
		{B620C2A3-7EAE-4415-B25B-B9155BF47F3F}.Debug|x64.ActiveCfg = Debug|Any CPU
		{B620C2A3-7EAE-4415-B25B-B9155BF47F3F}.Debug|x64.Build.0 = Debug|Any CPU
		{B620C2A3-7EAE-4415-B25B-B9155BF47F3F}.Debug|x86.ActiveCfg = Debug|Any CPU
		{B620C2A3-7EAE-4415-B25B-B9155BF47F3F}.Debug|x86.Build.0 = Debug|Any CPU
		{B620C2A3-7EAE-4415-B25B-B9155BF47F3F}.Release|Any CPU.ActiveCfg = Release|Any CPU
		{B620C2A3-7EAE-4415-B25B-B9155BF47F3F}.Release|Any CPU.Build.0 = Release|Any CPU
		{B620C2A3-7EAE-4415-B25B-B9155BF47F3F}.Release|x64.ActiveCfg = Release|Any CPU
		{B620C2A3-7EAE-4415-B25B-B9155BF47F3F}.Release|x64.Build.0 = Release|Any CPU
		{B620C2A3-7EAE-4415-B25B-B9155BF47F3F}.Release|x86.ActiveCfg = Release|Any CPU
		{B620C2A3-7EAE-4415-B25B-B9155BF47F3F}.Release|x86.Build.0 = Release|Any CPU
		{1FAB0249-41C4-457F-BA36-DCE4A7348489}.Debug|Any CPU.ActiveCfg = Debug|Any CPU
		{1FAB0249-41C4-457F-BA36-DCE4A7348489}.Debug|Any CPU.Build.0 = Debug|Any CPU
		{1FAB0249-41C4-457F-BA36-DCE4A7348489}.Debug|x64.ActiveCfg = Debug|Any CPU
		{1FAB0249-41C4-457F-BA36-DCE4A7348489}.Debug|x64.Build.0 = Debug|Any CPU
		{1FAB0249-41C4-457F-BA36-DCE4A7348489}.Debug|x86.ActiveCfg = Debug|Any CPU
		{1FAB0249-41C4-457F-BA36-DCE4A7348489}.Debug|x86.Build.0 = Debug|Any CPU
		{1FAB0249-41C4-457F-BA36-DCE4A7348489}.Release|Any CPU.ActiveCfg = Release|Any CPU
		{1FAB0249-41C4-457F-BA36-DCE4A7348489}.Release|Any CPU.Build.0 = Release|Any CPU
		{1FAB0249-41C4-457F-BA36-DCE4A7348489}.Release|x64.ActiveCfg = Release|Any CPU
		{1FAB0249-41C4-457F-BA36-DCE4A7348489}.Release|x64.Build.0 = Release|Any CPU
		{1FAB0249-41C4-457F-BA36-DCE4A7348489}.Release|x86.ActiveCfg = Release|Any CPU
		{1FAB0249-41C4-457F-BA36-DCE4A7348489}.Release|x86.Build.0 = Release|Any CPU
		{F427E050-8AF4-4020-AE0C-847200817256}.Debug|Any CPU.ActiveCfg = Debug|Any CPU
		{F427E050-8AF4-4020-AE0C-847200817256}.Debug|Any CPU.Build.0 = Debug|Any CPU
		{F427E050-8AF4-4020-AE0C-847200817256}.Debug|x64.ActiveCfg = Debug|Any CPU
		{F427E050-8AF4-4020-AE0C-847200817256}.Debug|x64.Build.0 = Debug|Any CPU
		{F427E050-8AF4-4020-AE0C-847200817256}.Debug|x86.ActiveCfg = Debug|Any CPU
		{F427E050-8AF4-4020-AE0C-847200817256}.Debug|x86.Build.0 = Debug|Any CPU
		{F427E050-8AF4-4020-AE0C-847200817256}.Release|Any CPU.ActiveCfg = Release|Any CPU
		{F427E050-8AF4-4020-AE0C-847200817256}.Release|Any CPU.Build.0 = Release|Any CPU
		{F427E050-8AF4-4020-AE0C-847200817256}.Release|x64.ActiveCfg = Release|Any CPU
		{F427E050-8AF4-4020-AE0C-847200817256}.Release|x64.Build.0 = Release|Any CPU
		{F427E050-8AF4-4020-AE0C-847200817256}.Release|x86.ActiveCfg = Release|Any CPU
		{F427E050-8AF4-4020-AE0C-847200817256}.Release|x86.Build.0 = Release|Any CPU
		{8579AD84-4CD7-49D3-9F16-BD2718CA4B82}.Debug|Any CPU.ActiveCfg = Debug|Any CPU
		{8579AD84-4CD7-49D3-9F16-BD2718CA4B82}.Debug|Any CPU.Build.0 = Debug|Any CPU
		{8579AD84-4CD7-49D3-9F16-BD2718CA4B82}.Debug|x64.ActiveCfg = Debug|Any CPU
		{8579AD84-4CD7-49D3-9F16-BD2718CA4B82}.Debug|x64.Build.0 = Debug|Any CPU
		{8579AD84-4CD7-49D3-9F16-BD2718CA4B82}.Debug|x86.ActiveCfg = Debug|Any CPU
		{8579AD84-4CD7-49D3-9F16-BD2718CA4B82}.Debug|x86.Build.0 = Debug|Any CPU
		{8579AD84-4CD7-49D3-9F16-BD2718CA4B82}.Release|Any CPU.ActiveCfg = Release|Any CPU
		{8579AD84-4CD7-49D3-9F16-BD2718CA4B82}.Release|Any CPU.Build.0 = Release|Any CPU
		{8579AD84-4CD7-49D3-9F16-BD2718CA4B82}.Release|x64.ActiveCfg = Release|Any CPU
		{8579AD84-4CD7-49D3-9F16-BD2718CA4B82}.Release|x64.Build.0 = Release|Any CPU
		{8579AD84-4CD7-49D3-9F16-BD2718CA4B82}.Release|x86.ActiveCfg = Release|Any CPU
		{8579AD84-4CD7-49D3-9F16-BD2718CA4B82}.Release|x86.Build.0 = Release|Any CPU
		{6F2330C0-372C-4A95-B739-8AA9D6DAC6EF}.Debug|Any CPU.ActiveCfg = Debug|Any CPU
		{6F2330C0-372C-4A95-B739-8AA9D6DAC6EF}.Debug|Any CPU.Build.0 = Debug|Any CPU
		{6F2330C0-372C-4A95-B739-8AA9D6DAC6EF}.Debug|x64.ActiveCfg = Debug|Any CPU
		{6F2330C0-372C-4A95-B739-8AA9D6DAC6EF}.Debug|x64.Build.0 = Debug|Any CPU
		{6F2330C0-372C-4A95-B739-8AA9D6DAC6EF}.Debug|x86.ActiveCfg = Debug|Any CPU
		{6F2330C0-372C-4A95-B739-8AA9D6DAC6EF}.Debug|x86.Build.0 = Debug|Any CPU
		{6F2330C0-372C-4A95-B739-8AA9D6DAC6EF}.Release|Any CPU.ActiveCfg = Release|Any CPU
		{6F2330C0-372C-4A95-B739-8AA9D6DAC6EF}.Release|Any CPU.Build.0 = Release|Any CPU
		{6F2330C0-372C-4A95-B739-8AA9D6DAC6EF}.Release|x64.ActiveCfg = Release|Any CPU
		{6F2330C0-372C-4A95-B739-8AA9D6DAC6EF}.Release|x64.Build.0 = Release|Any CPU
		{6F2330C0-372C-4A95-B739-8AA9D6DAC6EF}.Release|x86.ActiveCfg = Release|Any CPU
		{6F2330C0-372C-4A95-B739-8AA9D6DAC6EF}.Release|x86.Build.0 = Release|Any CPU
		{84528BFE-5FFC-4200-9FE1-67DAEEEFAF42}.Debug|Any CPU.ActiveCfg = Debug|Any CPU
		{84528BFE-5FFC-4200-9FE1-67DAEEEFAF42}.Debug|Any CPU.Build.0 = Debug|Any CPU
		{84528BFE-5FFC-4200-9FE1-67DAEEEFAF42}.Debug|x64.ActiveCfg = Debug|Any CPU
		{84528BFE-5FFC-4200-9FE1-67DAEEEFAF42}.Debug|x64.Build.0 = Debug|Any CPU
		{84528BFE-5FFC-4200-9FE1-67DAEEEFAF42}.Debug|x86.ActiveCfg = Debug|Any CPU
		{84528BFE-5FFC-4200-9FE1-67DAEEEFAF42}.Debug|x86.Build.0 = Debug|Any CPU
		{84528BFE-5FFC-4200-9FE1-67DAEEEFAF42}.Release|Any CPU.ActiveCfg = Release|Any CPU
		{84528BFE-5FFC-4200-9FE1-67DAEEEFAF42}.Release|Any CPU.Build.0 = Release|Any CPU
		{84528BFE-5FFC-4200-9FE1-67DAEEEFAF42}.Release|x64.ActiveCfg = Release|Any CPU
		{84528BFE-5FFC-4200-9FE1-67DAEEEFAF42}.Release|x64.Build.0 = Release|Any CPU
		{84528BFE-5FFC-4200-9FE1-67DAEEEFAF42}.Release|x86.ActiveCfg = Release|Any CPU
		{84528BFE-5FFC-4200-9FE1-67DAEEEFAF42}.Release|x86.Build.0 = Release|Any CPU
	EndGlobalSection
	GlobalSection(SolutionProperties) = preSolution
		HideSolutionNode = FALSE
	EndGlobalSection
	GlobalSection(NestedProjects) = preSolution
		{D169CDEA-0465-4C5C-8B2A-A537B6C9A7E5} = {827E0CD3-B72D-47B6-A68D-7590B98EB39B}
		{82D44BFF-0A6C-41E2-9974-4861DE260A8D} = {827E0CD3-B72D-47B6-A68D-7590B98EB39B}
		{52547343-6F25-4986-9823-A440016BACE9} = {827E0CD3-B72D-47B6-A68D-7590B98EB39B}
		{D5CD9858-7863-4930-894B-561FDA220E8F} = {827E0CD3-B72D-47B6-A68D-7590B98EB39B}
		{B3963F5A-2359-4725-A2D4-112D72A9A18B} = {827E0CD3-B72D-47B6-A68D-7590B98EB39B}
		{16DFA367-3E13-44FF-9EF3-6DFD3F46F30C} = {0AB3BF05-4346-4AA6-1389-037BE0695223}
		{E3BDD270-5D7F-479B-AB20-AEEF385C4680} = {0AB3BF05-4346-4AA6-1389-037BE0695223}
		{B620C2A3-7EAE-4415-B25B-B9155BF47F3F} = {827E0CD3-B72D-47B6-A68D-7590B98EB39B}
		{1FAB0249-41C4-457F-BA36-DCE4A7348489} = {0AB3BF05-4346-4AA6-1389-037BE0695223}
		{F427E050-8AF4-4020-AE0C-847200817256} = {827E0CD3-B72D-47B6-A68D-7590B98EB39B}
		{8579AD84-4CD7-49D3-9F16-BD2718CA4B82} = {0AB3BF05-4346-4AA6-1389-037BE0695223}
		{6F2330C0-372C-4A95-B739-8AA9D6DAC6EF} = {0AB3BF05-4346-4AA6-1389-037BE0695223}
		{84528BFE-5FFC-4200-9FE1-67DAEEEFAF42} = {0AB3BF05-4346-4AA6-1389-037BE0695223}
	EndGlobalSection
EndGlobal
